// !$*UTF8*$!
{
	archiveVersion = 1;
	classes = {
	};
	objectVersion = 77;
	objects = {

/* Begin PBXBuildFile section */
		1A1DFB2E30282EA20087AD86 /* AppDelegate.swift in Sources */ = {isa = PBXBuildFile; fileRef = 1A1DFB2D30282EA20087AD86 /* AppDelegate.swift */; };
		1A1DFB3030282EA20087AD86 /* SceneDelegate.swift in Sources */ = {isa = PBXBuildFile; fileRef = 1A1DFB2F30282EA20087AD86 /* SceneDelegate.swift */; };
		1A1DFB3330282EA20087AD86 /* LaunchScreen.storyboard in Resources */ = {isa = PBXBuildFile; fileRef = 1A1DFB3130282EA20087AD86 /* LaunchScreen.storyboard */; };
		1A1DFB3630282EA20087AD86 /* Main.storyboard in Resources */ = {isa = PBXBuildFile; fileRef = 1A1DFB3430282EA20087AD86 /* Main.storyboard */; };
		1A1DFB3F30282EA20087AD86 /* AppDelegate.swift in Sources */ = {isa = PBXBuildFile; fileRef = 1A1DFB3E30282EA20087AD86 /* AppDelegate.swift */; };
		1A1DFB4230282EA20087AD86 /* Main.storyboard in Resources */ = {isa = PBXBuildFile; fileRef = 1A1DFB4030282EA20087AD86 /* Main.storyboard */; };
		1A1DFB4930282EA20087AD86 /* sound Extension.appex in Embed Foundation Extensions */ = {isa = PBXBuildFile; fileRef = 1A1DFB4830282EA20087AD86 /* sound Extension.appex */; settings = {ATTRIBUTES = (RemoveHeadersOnCopy, ); }; };
		1A1DFB5330282EA20087AD86 /* sound Extension.appex in Embed Foundation Extensions */ = {isa = PBXBuildFile; fileRef = 1A1DFB5230282EA20087AD86 /* sound Extension.appex */; settings = {ATTRIBUTES = (RemoveHeadersOnCopy, ); }; };
		1A1DFB5830282EA20087AD86 /* Main.html in Resources */ = {isa = PBXBuildFile; fileRef = 1A1DFB1D30282EA10087AD86 /* Main.html */; };
		1A1DFB5930282EA20087AD86 /* Main.html in Resources */ = {isa = PBXBuildFile; fileRef = 1A1DFB1D30282EA10087AD86 /* Main.html */; };
		1A1DFB5A30282EA20087AD86 /* Icon.png in Resources */ = {isa = PBXBuildFile; fileRef = 1A1DFB1F30282EA10087AD86 /* Icon.png */; };
		1A1DFB5B30282EA20087AD86 /* Icon.png in Resources */ = {isa = PBXBuildFile; fileRef = 1A1DFB1F30282EA10087AD86 /* Icon.png */; };
		1A1DFB5C30282EA20087AD86 /* Style.css in Resources */ = {isa = PBXBuildFile; fileRef = 1A1DFB2030282EA10087AD86 /* Style.css */; };
		1A1DFB5D30282EA20087AD86 /* Style.css in Resources */ = {isa = PBXBuildFile; fileRef = 1A1DFB2030282EA10087AD86 /* Style.css */; };
		1A1DFB5E30282EA20087AD86 /* Script.js in Resources */ = {isa = PBXBuildFile; fileRef = 1A1DFB2130282EA10087AD86 /* Script.js */; };
		1A1DFB5F30282EA20087AD86 /* Script.js in Resources */ = {isa = PBXBuildFile; fileRef = 1A1DFB2130282EA10087AD86 /* Script.js */; };
		1A1DFB6030282EA20087AD86 /* ViewController.swift in Sources */ = {isa = PBXBuildFile; fileRef = 1A1DFB2230282EA10087AD86 /* ViewController.swift */; };
		1A1DFB6130282EA20087AD86 /* ViewController.swift in Sources */ = {isa = PBXBuildFile; fileRef = 1A1DFB2230282EA10087AD86 /* ViewController.swift */; };
		1A1DFB6230282EA20087AD86 /* Assets.xcassets in Resources */ = {isa = PBXBuildFile; fileRef = 1A1DFB2330282EA20087AD86 /* Assets.xcassets */; };
		1A1DFB6330282EA20087AD86 /* Assets.xcassets in Resources */ = {isa = PBXBuildFile; fileRef = 1A1DFB2330282EA20087AD86 /* Assets.xcassets */; };
		1A1DFB6430282EA20087AD86 /* SafariWebExtensionHandler.swift in Sources */ = {isa = PBXBuildFile; fileRef = 1A1DFB2530282EA20087AD86 /* SafariWebExtensionHandler.swift */; };
		1A1DFB6530282EA20087AD86 /* SafariWebExtensionHandler.swift in Sources */ = {isa = PBXBuildFile; fileRef = 1A1DFB2530282EA20087AD86 /* SafariWebExtensionHandler.swift */; };
		1A1DFB8130282EA20087AD86 /* popup.js in Resources */ = {isa = PBXBuildFile; fileRef = 1A1DFB7730282EA20087AD86 /* popup.js */; };
		1A1DFB8230282EA20087AD86 /* silence-detector.js in Resources */ = {isa = PBXBuildFile; fileRef = 1A1DFB7830282EA20087AD86 /* silence-detector.js */; };
		1A1DFB8330282EA20087AD86 /* popup.html in Resources */ = {isa = PBXBuildFile; fileRef = 1A1DFB7930282EA20087AD86 /* popup.html */; };
		1A1DFB8430282EA20087AD86 /* tests in Resources */ = {isa = PBXBuildFile; fileRef = 1A1DFB7A30282EA20087AD86 /* tests */; };
		1A1DFB8530282EA20087AD86 /* package.json in Resources */ = {isa = PBXBuildFile; fileRef = 1A1DFB7B30282EA20087AD86 /* package.json */; };
		1A1DFB8630282EA20087AD86 /* manifest.json in Resources */ = {isa = PBXBuildFile; fileRef = 1A1DFB7C30282EA20087AD86 /* manifest.json */; };
		1A1DFB8730282EA20087AD86 /* content.js in Resources */ = {isa = PBXBuildFile; fileRef = 1A1DFB7D30282EA20087AD86 /* content.js */; };
		1A1DFB8830282EA20087AD86 /* normalizer.worklet.js in Resources */ = {isa = PBXBuildFile; fileRef = 1A1DFB7E30282EA20087AD86 /* normalizer.worklet.js */; };
		1A1DFB8930282EA20087AD86 /* settings-logic.js in Resources */ = {isa = PBXBuildFile; fileRef = 1A1DFB7F30282EA20087AD86 /* settings-logic.js */; };
		1A1DFB8A30282EA20087AD86 /* gain-logic.js in Resources */ = {isa = PBXBuildFile; fileRef = 1A1DFB8030282EA20087AD86 /* gain-logic.js */; };
		1A1DFB8B30282EA20087AD86 /* popup.js in Resources */ = {isa = PBXBuildFile; fileRef = 1A1DFB7730282EA20087AD86 /* popup.js */; };
		1A1DFB8C30282EA20087AD86 /* silence-detector.js in Resources */ = {isa = PBXBuildFile; fileRef = 1A1DFB7830282EA20087AD86 /* silence-detector.js */; };
		1A1DFB8D30282EA20087AD86 /* popup.html in Resources */ = {isa = PBXBuildFile; fileRef = 1A1DFB7930282EA20087AD86 /* popup.html */; };
		1A1DFB8E30282EA20087AD86 /* tests in Resources */ = {isa = PBXBuildFile; fileRef = 1A1DFB7A30282EA20087AD86 /* tests */; };
		1A1DFB8F30282EA20087AD86 /* package.json in Resources */ = {isa = PBXBuildFile; fileRef = 1A1DFB7B30282EA20087AD86 /* package.json */; };
		1A1DFB9030282EA20087AD86 /* manifest.json in Resources */ = {isa = PBXBuildFile; fileRef = 1A1DFB7C30282EA20087AD86 /* manifest.json */; };
		1A1DFB9130282EA20087AD86 /* content.js in Resources */ = {isa = PBXBuildFile; fileRef = 1A1DFB7D30282EA20087AD86 /* content.js */; };
		1A1DFB9230282EA20087AD86 /* normalizer.worklet.js in Resources */ = {isa = PBXBuildFile; fileRef = 1A1DFB7E30282EA20087AD86 /* normalizer.worklet.js */; };
		1A1DFB9330282EA20087AD86 /* settings-logic.js in Resources */ = {isa = PBXBuildFile; fileRef = 1A1DFB7F30282EA20087AD86 /* settings-logic.js */; };
		1A1DFB9430282EA20087AD86 /* gain-logic.js in Resources */ = {isa = PBXBuildFile; fileRef = 1A1DFB8030282EA20087AD86 /* gain-logic.js */; };
/* End PBXBuildFile section */

/* Begin PBXContainerItemProxy section */
		1A1DFB4A30282EA20087AD86 /* PBXContainerItemProxy */ = {
			isa = PBXContainerItemProxy;
			containerPortal = 1A1DFB1730282EA10087AD86 /* Project object */;
			proxyType = 1;
			remoteGlobalIDString = 1A1DFB4730282EA20087AD86;
			remoteInfo = "sound Extension (iOS)";
		};
		1A1DFB5430282EA20087AD86 /* PBXContainerItemProxy */ = {
			isa = PBXContainerItemProxy;
			containerPortal = 1A1DFB1730282EA10087AD86 /* Project object */;
			proxyType = 1;
			remoteGlobalIDString = 1A1DFB5130282EA20087AD86;
			remoteInfo = "sound Extension (macOS)";
		};
/* End PBXContainerItemProxy section */

/* Begin PBXCopyFilesBuildPhase section */
		1A1DFB6B30282EA20087AD86 /* Embed Foundation Extensions */ = {
			isa = PBXCopyFilesBuildPhase;
			buildActionMask = 2147483647;
			dstPath = "";
			dstSubfolderSpec = 13;
			files = (
				1A1DFB4930282EA20087AD86 /* sound Extension.appex in Embed Foundation Extensions */,
			);
			name = "Embed Foundation Extensions";
			runOnlyForDeploymentPostprocessing = 0;
		};
		1A1DFB7230282EA20087AD86 /* Embed Foundation Extensions */ = {
			isa = PBXCopyFilesBuildPhase;
			buildActionMask = 2147483647;
			dstPath = "";
			dstSubfolderSpec = 13;
			files = (
				1A1DFB5330282EA20087AD86 /* sound Extension.appex in Embed Foundation Extensions */,
			);
			name = "Embed Foundation Extensions";
			runOnlyForDeploymentPostprocessing = 0;
		};
/* End PBXCopyFilesBuildPhase section */

/* Begin PBXFileReference section */
		1A1DFB1E30282EA10087AD86 /* Base */ = {isa = PBXFileReference; lastKnownFileType = text.html; name = Base; path = Base.lproj/Main.html; sourceTree = "<group>"; };
		1A1DFB1F30282EA10087AD86 /* Icon.png */ = {isa = PBXFileReference; lastKnownFileType = image.png; path = Icon.png; sourceTree = "<group>"; };
		1A1DFB2030282EA10087AD86 /* Style.css */ = {isa = PBXFileReference; lastKnownFileType = text.css; path = Style.css; sourceTree = "<group>"; };
		1A1DFB2130282EA10087AD86 /* Script.js */ = {isa = PBXFileReference; lastKnownFileType = sourcecode.javascript; path = Script.js; sourceTree = "<group>"; };
		1A1DFB2230282EA10087AD86 /* ViewController.swift */ = {isa = PBXFileReference; lastKnownFileType = sourcecode.swift; path = ViewController.swift; sourceTree = "<group>"; };
		1A1DFB2330282EA20087AD86 /* Assets.xcassets */ = {isa = PBXFileReference; lastKnownFileType = folder.assetcatalog; path = Assets.xcassets; sourceTree = "<group>"; };
		1A1DFB2530282EA20087AD86 /* SafariWebExtensionHandler.swift */ = {isa = PBXFileReference; lastKnownFileType = sourcecode.swift; path = SafariWebExtensionHandler.swift; sourceTree = "<group>"; };
		1A1DFB2A30282EA20087AD86 /* sound.app */ = {isa = PBXFileReference; explicitFileType = wrapper.application; includeInIndex = 0; path = sound.app; sourceTree = BUILT_PRODUCTS_DIR; };
		1A1DFB2D30282EA20087AD86 /* AppDelegate.swift */ = {isa = PBXFileReference; lastKnownFileType = sourcecode.swift; path = AppDelegate.swift; sourceTree = "<group>"; };
		1A1DFB2F30282EA20087AD86 /* SceneDelegate.swift */ = {isa = PBXFileReference; lastKnownFileType = sourcecode.swift; path = SceneDelegate.swift; sourceTree = "<group>"; };
		1A1DFB3230282EA20087AD86 /* Base */ = {isa = PBXFileReference; lastKnownFileType = file.storyboard; name = Base; path = Base.lproj/LaunchScreen.storyboard; sourceTree = "<group>"; };
		1A1DFB3530282EA20087AD86 /* Base */ = {isa = PBXFileReference; lastKnownFileType = file.storyboard; name = Base; path = Base.lproj/Main.storyboard; sourceTree = "<group>"; };
		1A1DFB3730282EA20087AD86 /* Info.plist */ = {isa = PBXFileReference; lastKnownFileType = text.plist.xml; path = Info.plist; sourceTree = "<group>"; };
		1A1DFB3C30282EA20087AD86 /* sound.app */ = {isa = PBXFileReference; explicitFileType = wrapper.application; includeInIndex = 0; path = sound.app; sourceTree = BUILT_PRODUCTS_DIR; };
		1A1DFB3E30282EA20087AD86 /* AppDelegate.swift */ = {isa = PBXFileReference; lastKnownFileType = sourcecode.swift; path = AppDelegate.swift; sourceTree = "<group>"; };
		1A1DFB4130282EA20087AD86 /* Base */ = {isa = PBXFileReference; lastKnownFileType = file.storyboard; name = Base; path = Base.lproj/Main.storyboard; sourceTree = "<group>"; };
		1A1DFB4330282EA20087AD86 /* Info.plist */ = {isa = PBXFileReference; lastKnownFileType = text.plist.xml; path = Info.plist; sourceTree = "<group>"; };
		1A1DFB4830282EA20087AD86 /* sound Extension.appex */ = {isa = PBXFileReference; explicitFileType = "wrapper.app-extension"; includeInIndex = 0; path = "sound Extension.appex"; sourceTree = BUILT_PRODUCTS_DIR; };
		1A1DFB4D30282EA20087AD86 /* Info.plist */ = {isa = PBXFileReference; lastKnownFileType = text.plist.xml; path = Info.plist; sourceTree = "<group>"; };
		1A1DFB5230282EA20087AD86 /* sound Extension.appex */ = {isa = PBXFileReference; explicitFileType = "wrapper.app-extension"; includeInIndex = 0; path = "sound Extension.appex"; sourceTree = BUILT_PRODUCTS_DIR; };
		1A1DFB5730282EA20087AD86 /* Info.plist */ = {isa = PBXFileReference; lastKnownFileType = text.plist.xml; path = Info.plist; sourceTree = "<group>"; };
		1A1DFB7730282EA20087AD86 /* popup.js */ = {isa = PBXFileReference; lastKnownFileType = sourcecode.javascript; name = popup.js; path = ../../../extension/popup.js; sourceTree = "<group>"; };
		1A1DFB7830282EA20087AD86 /* silence-detector.js */ = {isa = PBXFileReference; lastKnownFileType = sourcecode.javascript; name = "silence-detector.js"; path = "../../../extension/silence-detector.js"; sourceTree = "<group>"; };
		1A1DFB7930282EA20087AD86 /* popup.html */ = {isa = PBXFileReference; lastKnownFileType = text.html; name = popup.html; path = ../../../extension/popup.html; sourceTree = "<group>"; };
		1A1DFB7A30282EA20087AD86 /* tests */ = {isa = PBXFileReference; lastKnownFileType = folder; name = tests; path = ../../../extension/tests; sourceTree = "<group>"; };
		1A1DFB7B30282EA20087AD86 /* package.json */ = {isa = PBXFileReference; lastKnownFileType = text.json; name = package.json; path = ../../../extension/package.json; sourceTree = "<group>"; };
		1A1DFB7C30282EA20087AD86 /* manifest.json */ = {isa = PBXFileReference; lastKnownFileType = text.json; name = manifest.json; path = ../../../extension/manifest.json; sourceTree = "<group>"; };
		1A1DFB7D30282EA20087AD86 /* content.js */ = {isa = PBXFileReference; lastKnownFileType = sourcecode.javascript; name = content.js; path = ../../../extension/content.js; sourceTree = "<group>"; };
		1A1DFB7E30282EA20087AD86 /* normalizer.worklet.js */ = {isa = PBXFileReference; lastKnownFileType = sourcecode.javascript; name = normalizer.worklet.js; path = ../../../extension/normalizer.worklet.js; sourceTree = "<group>"; };
		1A1DFB7F30282EA20087AD86 /* settings-logic.js */ = {isa = PBXFileReference; lastKnownFileType = sourcecode.javascript; name = "settings-logic.js"; path = "../../../extension/settings-logic.js"; sourceTree = "<group>"; };
		1A1DFB8030282EA20087AD86 /* gain-logic.js */ = {isa = PBXFileReference; lastKnownFileType = sourcecode.javascript; name = "gain-logic.js"; path = "../../../extension/gain-logic.js"; sourceTree = "<group>"; };
/* End PBXFileReference section */

/* Begin PBXFrameworksBuildPhase section */
		1A1DFB2730282EA20087AD86 /* Frameworks */ = {
			isa = PBXFrameworksBuildPhase;
			buildActionMask = 2147483647;
			files = (
			);
			runOnlyForDeploymentPostprocessing = 0;
		};
		1A1DFB3930282EA20087AD86 /* Frameworks */ = {
			isa = PBXFrameworksBuildPhase;
			buildActionMask = 2147483647;
			files = (
			);
			runOnlyForDeploymentPostprocessing = 0;
		};
		1A1DFB4530282EA20087AD86 /* Frameworks */ = {
			isa = PBXFrameworksBuildPhase;
			buildActionMask = 2147483647;
			files = (
			);
			runOnlyForDeploymentPostprocessing = 0;
		};
		1A1DFB4F30282EA20087AD86 /* Frameworks */ = {
			isa = PBXFrameworksBuildPhase;
			buildActionMask = 2147483647;
			files = (
			);
			runOnlyForDeploymentPostprocessing = 0;
		};
/* End PBXFrameworksBuildPhase section */

/* Begin PBXGroup section */
		1A1DFB1630282EA10087AD86 = {
			isa = PBXGroup;
			children = (
				1A1DFB1B30282EA10087AD86 /* Shared (App) */,
				1A1DFB2430282EA20087AD86 /* Shared (Extension) */,
				1A1DFB2C30282EA20087AD86 /* iOS (App) */,
				1A1DFB3D30282EA20087AD86 /* macOS (App) */,
				1A1DFB4C30282EA20087AD86 /* iOS (Extension) */,
				1A1DFB5630282EA20087AD86 /* macOS (Extension) */,
				1A1DFB2B30282EA20087AD86 /* Products */,
			);
			sourceTree = "<group>";
		};
		1A1DFB1B30282EA10087AD86 /* Shared (App) */ = {
			isa = PBXGroup;
			children = (
				1A1DFB2230282EA10087AD86 /* ViewController.swift */,
				1A1DFB2330282EA20087AD86 /* Assets.xcassets */,
				1A1DFB1C30282EA10087AD86 /* Resources */,
			);
			path = "Shared (App)";
			sourceTree = "<group>";
		};
		1A1DFB1C30282EA10087AD86 /* Resources */ = {
			isa = PBXGroup;
			children = (
				1A1DFB1D30282EA10087AD86 /* Main.html */,
				1A1DFB1F30282EA10087AD86 /* Icon.png */,
				1A1DFB2030282EA10087AD86 /* Style.css */,
				1A1DFB2130282EA10087AD86 /* Script.js */,
			);
			path = Resources;
			sourceTree = "<group>";
		};
		1A1DFB2430282EA20087AD86 /* Shared (Extension) */ = {
			isa = PBXGroup;
			children = (
				1A1DFB7630282EA20087AD86 /* Resources */,
				1A1DFB2530282EA20087AD86 /* SafariWebExtensionHandler.swift */,
			);
			path = "Shared (Extension)";
			sourceTree = "<group>";
		};
		1A1DFB2B30282EA20087AD86 /* Products */ = {
			isa = PBXGroup;
			children = (
				1A1DFB2A30282EA20087AD86 /* sound.app */,
				1A1DFB3C30282EA20087AD86 /* sound.app */,
				1A1DFB4830282EA20087AD86 /* sound Extension.appex */,
				1A1DFB5230282EA20087AD86 /* sound Extension.appex */,
			);
			name = Products;
			sourceTree = "<group>";
		};
		1A1DFB2C30282EA20087AD86 /* iOS (App) */ = {
			isa = PBXGroup;
			children = (
				1A1DFB2D30282EA20087AD86 /* AppDelegate.swift */,
				1A1DFB2F30282EA20087AD86 /* SceneDelegate.swift */,
				1A1DFB3130282EA20087AD86 /* LaunchScreen.storyboard */,
				1A1DFB3430282EA20087AD86 /* Main.storyboard */,
				1A1DFB3730282EA20087AD86 /* Info.plist */,
			);
			path = "iOS (App)";
			sourceTree = "<group>";
		};
		1A1DFB3D30282EA20087AD86 /* macOS (App) */ = {
			isa = PBXGroup;
			children = (
				1A1DFB3E30282EA20087AD86 /* AppDelegate.swift */,
				1A1DFB4030282EA20087AD86 /* Main.storyboard */,
				1A1DFB4330282EA20087AD86 /* Info.plist */,
			);
			path = "macOS (App)";
			sourceTree = "<group>";
		};
		1A1DFB4C30282EA20087AD86 /* iOS (Extension) */ = {
			isa = PBXGroup;
			children = (
				1A1DFB4D30282EA20087AD86 /* Info.plist */,
			);
			path = "iOS (Extension)";
			sourceTree = "<group>";
		};
		1A1DFB5630282EA20087AD86 /* macOS (Extension) */ = {
			isa = PBXGroup;
			children = (
				1A1DFB5730282EA20087AD86 /* Info.plist */,
			);
			path = "macOS (Extension)";
			sourceTree = "<group>";
		};
		1A1DFB7630282EA20087AD86 /* Resources */ = {
			isa = PBXGroup;
			children = (
				1A1DFB7730282EA20087AD86 /* popup.js */,
				1A1DFB7830282EA20087AD86 /* silence-detector.js */,
				1A1DFB7930282EA20087AD86 /* popup.html */,
				1A1DFB7A30282EA20087AD86 /* tests */,
				1A1DFB7B30282EA20087AD86 /* package.json */,
				1A1DFB7C30282EA20087AD86 /* manifest.json */,
				1A1DFB7D30282EA20087AD86 /* content.js */,
				1A1DFB7E30282EA20087AD86 /* normalizer.worklet.js */,
				1A1DFB7F30282EA20087AD86 /* settings-logic.js */,
				1A1DFB8030282EA20087AD86 /* gain-logic.js */,
			);
			name = Resources;
			path = "Shared (Extension)";
			sourceTree = SOURCE_ROOT;
		};
/* End PBXGroup section */

/* Begin PBXNativeTarget section */
		1A1DFB2930282EA20087AD86 /* sound (iOS) */ = {
			isa = PBXNativeTarget;
			buildConfigurationList = 1A1DFB6C30282EA20087AD86 /* Build configuration list for PBXNativeTarget "sound (iOS)" */;
			buildPhases = (
				1A1DFB2630282EA20087AD86 /* Sources */,
				1A1DFB2730282EA20087AD86 /* Frameworks */,
				1A1DFB2830282EA20087AD86 /* Resources */,
				1A1DFB6B30282EA20087AD86 /* Embed Foundation Extensions */,
			);
			buildRules = (
			);
			dependencies = (
				1A1DFB4B30282EA20087AD86 /* PBXTargetDependency */,
			);
			name = "sound (iOS)";
			packageProductDependencies = (
			);
			productName = "sound (iOS)";
			productReference = 1A1DFB2A30282EA20087AD86 /* sound.app */;
			productType = "com.apple.product-type.application";
		};
		1A1DFB3B30282EA20087AD86 /* sound (macOS) */ = {
			isa = PBXNativeTarget;
			buildConfigurationList = 1A1DFB7330282EA20087AD86 /* Build configuration list for PBXNativeTarget "sound (macOS)" */;
			buildPhases = (
				1A1DFB3830282EA20087AD86 /* Sources */,
				1A1DFB3930282EA20087AD86 /* Frameworks */,
				1A1DFB3A30282EA20087AD86 /* Resources */,
				1A1DFB7230282EA20087AD86 /* Embed Foundation Extensions */,
			);
			buildRules = (
			);
			dependencies = (
				1A1DFB5530282EA20087AD86 /* PBXTargetDependency */,
			);
			name = "sound (macOS)";
			packageProductDependencies = (
			);
			productName = "sound (macOS)";
			productReference = 1A1DFB3C30282EA20087AD86 /* sound.app */;
			productType = "com.apple.product-type.application";
		};
		1A1DFB4730282EA20087AD86 /* sound Extension (iOS) */ = {
			isa = PBXNativeTarget;
			buildConfigurationList = 1A1DFB6830282EA20087AD86 /* Build configuration list for PBXNativeTarget "sound Extension (iOS)" */;
			buildPhases = (
				1A1DFB4430282EA20087AD86 /* Sources */,
				1A1DFB4530282EA20087AD86 /* Frameworks */,
				1A1DFB4630282EA20087AD86 /* Resources */,
			);
			buildRules = (
			);
			dependencies = (
			);
			name = "sound Extension (iOS)";
			packageProductDependencies = (
			);
			productName = "sound Extension (iOS)";
			productReference = 1A1DFB4830282EA20087AD86 /* sound Extension.appex */;
			productType = "com.apple.product-type.app-extension";
		};
		1A1DFB5130282EA20087AD86 /* sound Extension (macOS) */ = {
			isa = PBXNativeTarget;
			buildConfigurationList = 1A1DFB6F30282EA20087AD86 /* Build configuration list for PBXNativeTarget "sound Extension (macOS)" */;
			buildPhases = (
				1A1DFB4E30282EA20087AD86 /* Sources */,
				1A1DFB4F30282EA20087AD86 /* Frameworks */,
				1A1DFB5030282EA20087AD86 /* Resources */,
			);
			buildRules = (
			);
			dependencies = (
			);
			name = "sound Extension (macOS)";
			packageProductDependencies = (
			);
			productName = "sound Extension (macOS)";
			productReference = 1A1DFB5230282EA20087AD86 /* sound Extension.appex */;
			productType = "com.apple.product-type.app-extension";
		};
/* End PBXNativeTarget section */

/* Begin PBXProject section */
		1A1DFB1730282EA10087AD86 /* Project object */ = {
			isa = PBXProject;
			attributes = {
				BuildIndependentTargetsInParallel = 1;
				LastSwiftUpdateCheck = 2660;
				LastUpgradeCheck = 2660;
				TargetAttributes = {
					1A1DFB2930282EA20087AD86 = {
						CreatedOnToolsVersion = 26.6;
					};
					1A1DFB3B30282EA20087AD86 = {
						CreatedOnToolsVersion = 26.6;
					};
					1A1DFB4730282EA20087AD86 = {
						CreatedOnToolsVersion = 26.6;
					};
					1A1DFB5130282EA20087AD86 = {
						CreatedOnToolsVersion = 26.6;
					};
				};
			};
			buildConfigurationList = 1A1DFB1A30282EA10087AD86 /* Build configuration list for PBXProject "sound" */;
			developmentRegion = en;
			hasScannedForEncodings = 0;
			knownRegions = (
				en,
				Base,
			);
			mainGroup = 1A1DFB1630282EA10087AD86;
			minimizedProjectReferenceProxies = 1;
			preferredProjectObjectVersion = 77;
			productRefGroup = 1A1DFB2B30282EA20087AD86 /* Products */;
			projectDirPath = "";
			projectRoot = "";
			targets = (
				1A1DFB2930282EA20087AD86 /* sound (iOS) */,
				1A1DFB3B30282EA20087AD86 /* sound (macOS) */,
				1A1DFB4730282EA20087AD86 /* sound Extension (iOS) */,
				1A1DFB5130282EA20087AD86 /* sound Extension (macOS) */,
			);
		};
/* End PBXProject section */

/* Begin PBXResourcesBuildPhase section */
		1A1DFB2830282EA20087AD86 /* Resources */ = {
			isa = PBXResourcesBuildPhase;
			buildActionMask = 2147483647;
			files = (
				1A1DFB5A30282EA20087AD86 /* Icon.png in Resources */,
				1A1DFB3330282EA20087AD86 /* LaunchScreen.storyboard in Resources */,
				1A1DFB5830282EA20087AD86 /* Main.html in Resources */,
				1A1DFB5E30282EA20087AD86 /* Script.js in Resources */,
				1A1DFB6230282EA20087AD86 /* Assets.xcassets in Resources */,
				1A1DFB3630282EA20087AD86 /* Main.storyboard in Resources */,
				1A1DFB5C30282EA20087AD86 /* Style.css in Resources */,
			);
			runOnlyForDeploymentPostprocessing = 0;
		};
		1A1DFB3A30282EA20087AD86 /* Resources */ = {
			isa = PBXResourcesBuildPhase;
			buildActionMask = 2147483647;
			files = (
				1A1DFB5B30282EA20087AD86 /* Icon.png in Resources */,
				1A1DFB5D30282EA20087AD86 /* Style.css in Resources */,
				1A1DFB4230282EA20087AD86 /* Main.storyboard in Resources */,
				1A1DFB5F30282EA20087AD86 /* Script.js in Resources */,
				1A1DFB6330282EA20087AD86 /* Assets.xcassets in Resources */,
				1A1DFB5930282EA20087AD86 /* Main.html in Resources */,
			);
			runOnlyForDeploymentPostprocessing = 0;
		};
		1A1DFB4630282EA20087AD86 /* Resources */ = {
			isa = PBXResourcesBuildPhase;
			buildActionMask = 2147483647;
			files = (
				1A1DFB9430282EA20087AD86 /* gain-logic.js in Resources */,
				1A1DFB8E30282EA20087AD86 /* tests in Resources */,
				1A1DFB9230282EA20087AD86 /* normalizer.worklet.js in Resources */,
				1A1DFB8C30282EA20087AD86 /* silence-detector.js in Resources */,
				1A1DFB8D30282EA20087AD86 /* popup.html in Resources */,
				1A1DFB8B30282EA20087AD86 /* popup.js in Resources */,
				1A1DFB9030282EA20087AD86 /* manifest.json in Resources */,
				1A1DFB9330282EA20087AD86 /* settings-logic.js in Resources */,
				1A1DFB9130282EA20087AD86 /* content.js in Resources */,
				1A1DFB8F30282EA20087AD86 /* package.json in Resources */,
			);
			runOnlyForDeploymentPostprocessing = 0;
		};
		1A1DFB5030282EA20087AD86 /* Resources */ = {
			isa = PBXResourcesBuildPhase;
			buildActionMask = 2147483647;
			files = (
				1A1DFB8A30282EA20087AD86 /* gain-logic.js in Resources */,
				1A1DFB8430282EA20087AD86 /* tests in Resources */,
				1A1DFB8830282EA20087AD86 /* normalizer.worklet.js in Resources */,
				1A1DFB8230282EA20087AD86 /* silence-detector.js in Resources */,
				1A1DFB8330282EA20087AD86 /* popup.html in Resources */,
				1A1DFB8130282EA20087AD86 /* popup.js in Resources */,
				1A1DFB8630282EA20087AD86 /* manifest.json in Resources */,
				1A1DFB8930282EA20087AD86 /* settings-logic.js in Resources */,
				1A1DFB8730282EA20087AD86 /* content.js in Resources */,
				1A1DFB8530282EA20087AD86 /* package.json in Resources */,
			);
			runOnlyForDeploymentPostprocessing = 0;
		};
/* End PBXResourcesBuildPhase section */

/* Begin PBXSourcesBuildPhase section */
		1A1DFB2630282EA20087AD86 /* Sources */ = {
			isa = PBXSourcesBuildPhase;
			buildActionMask = 2147483647;
			files = (
				1A1DFB6030282EA20087AD86 /* ViewController.swift in Sources */,
				1A1DFB2E30282EA20087AD86 /* AppDelegate.swift in Sources */,
				1A1DFB3030282EA20087AD86 /* SceneDelegate.swift in Sources */,
			);
			runOnlyForDeploymentPostprocessing = 0;
		};
		1A1DFB3830282EA20087AD86 /* Sources */ = {
			isa = PBXSourcesBuildPhase;
			buildActionMask = 2147483647;
			files = (
				1A1DFB6130282EA20087AD86 /* ViewController.swift in Sources */,
				1A1DFB3F30282EA20087AD86 /* AppDelegate.swift in Sources */,
			);
			runOnlyForDeploymentPostprocessing = 0;
		};
		1A1DFB4430282EA20087AD86 /* Sources */ = {
			isa = PBXSourcesBuildPhase;
			buildActionMask = 2147483647;
			files = (
				1A1DFB6430282EA20087AD86 /* SafariWebExtensionHandler.swift in Sources */,
			);
			runOnlyForDeploymentPostprocessing = 0;
		};
		1A1DFB4E30282EA20087AD86 /* Sources */ = {
			isa = PBXSourcesBuildPhase;
			buildActionMask = 2147483647;
			files = (
				1A1DFB6530282EA20087AD86 /* SafariWebExtensionHandler.swift in Sources */,
			);
			runOnlyForDeploymentPostprocessing = 0;
		};
/* End PBXSourcesBuildPhase section */

/* Begin PBXTargetDependency section */
		1A1DFB4B30282EA20087AD86 /* PBXTargetDependency */ = {
			isa = PBXTargetDependency;
			target = 1A1DFB4730282EA20087AD86 /* sound Extension (iOS) */;
			targetProxy = 1A1DFB4A30282EA20087AD86 /* PBXContainerItemProxy */;
		};
		1A1DFB5530282EA20087AD86 /* PBXTargetDependency */ = {
			isa = PBXTargetDependency;
			target = 1A1DFB5130282EA20087AD86 /* sound Extension (macOS) */;
			targetProxy = 1A1DFB5430282EA20087AD86 /* PBXContainerItemProxy */;
		};
/* End PBXTargetDependency section */

/* Begin PBXVariantGroup section */
		1A1DFB1D30282EA10087AD86 /* Main.html */ = {
			isa = PBXVariantGroup;
			children = (
				1A1DFB1E30282EA10087AD86 /* Base */,
			);
			name = Main.html;
			sourceTree = "<group>";
		};
		1A1DFB3130282EA20087AD86 /* LaunchScreen.storyboard */ = {
			isa = PBXVariantGroup;
			children = (
				1A1DFB3230282EA20087AD86 /* Base */,
			);
			name = LaunchScreen.storyboard;
			sourceTree = "<group>";
		};
		1A1DFB3430282EA20087AD86 /* Main.storyboard */ = {
			isa = PBXVariantGroup;
			children = (
				1A1DFB3530282EA20087AD86 /* Base */,
			);
			name = Main.storyboard;
			sourceTree = "<group>";
		};
		1A1DFB4030282EA20087AD86 /* Main.storyboard */ = {
			isa = PBXVariantGroup;
			children = (
				1A1DFB4130282EA20087AD86 /* Base */,
			);
			name = Main.storyboard;
			sourceTree = "<group>";
		};
/* End PBXVariantGroup section */

/* Begin XCBuildConfiguration section */
		1A1DFB6630282EA20087AD86 /* Debug */ = {
			isa = XCBuildConfiguration;
			buildSettings = {
				ALWAYS_SEARCH_USER_PATHS = NO;
				ASSETCATALOG_COMPILER_GENERATE_SWIFT_ASSET_SYMBOL_EXTENSIONS = YES;
				CLANG_ANALYZER_NONNULL = YES;
				CLANG_ANALYZER_NUMBER_OBJECT_CONVERSION = YES_AGGRESSIVE;
				CLANG_CXX_LANGUAGE_STANDARD = "gnu++20";
				CLANG_ENABLE_MODULES = YES;
				CLANG_ENABLE_OBJC_ARC = YES;
				CLANG_ENABLE_OBJC_WEAK = YES;
				CLANG_WARN_BLOCK_CAPTURE_AUTORELEASING = YES;
				CLANG_WARN_BOOL_CONVERSION = YES;
				CLANG_WARN_COMMA = YES;
				CLANG_WARN_CONSTANT_CONVERSION = YES;
				CLANG_WARN_DEPRECATED_OBJC_IMPLEMENTATIONS = YES;
				CLANG_WARN_DIRECT_OBJC_ISA_USAGE = YES_ERROR;
				CLANG_WARN_DOCUMENTATION_COMMENTS = YES;
				CLANG_WARN_EMPTY_BODY = YES;
				CLANG_WARN_ENUM_CONVERSION = YES;
				CLANG_WARN_INFINITE_RECURSION = YES;
				CLANG_WARN_INT_CONVERSION = YES;
				CLANG_WARN_NON_LITERAL_NULL_CONVERSION = YES;
				CLANG_WARN_OBJC_IMPLICIT_RETAIN_SELF = YES;
				CLANG_WARN_OBJC_LITERAL_CONVERSION = YES;
				CLANG_WARN_OBJC_ROOT_CLASS = YES_ERROR;
				CLANG_WARN_QUOTED_INCLUDE_IN_FRAMEWORK_HEADER = YES;
				CLANG_WARN_RANGE_LOOP_ANALYSIS = YES;
				CLANG_WARN_STRICT_PROTOTYPES = YES;
				CLANG_WARN_SUSPICIOUS_MOVE = YES;
				CLANG_WARN_UNGUARDED_AVAILABILITY = YES_AGGRESSIVE;
				CLANG_WARN_UNREACHABLE_CODE = YES;
				CLANG_WARN__DUPLICATE_METHOD_MATCH = YES;
				COPY_PHASE_STRIP = NO;
				DEBUG_INFORMATION_FORMAT = dwarf;
				ENABLE_STRICT_OBJC_MSGSEND = YES;
				ENABLE_TESTABILITY = YES;
				ENABLE_USER_SCRIPT_SANDBOXING = YES;
				GCC_C_LANGUAGE_STANDARD = gnu17;
				GCC_DYNAMIC_NO_PIC = NO;
				GCC_NO_COMMON_BLOCKS = YES;
				GCC_OPTIMIZATION_LEVEL = 0;
				GCC_PREPROCESSOR_DEFINITIONS = (
					"DEBUG=1",
					"$(inherited)",
				);
				GCC_WARN_64_TO_32_BIT_CONVERSION = YES;
				GCC_WARN_ABOUT_RETURN_TYPE = YES_ERROR;
				GCC_WARN_UNDECLARED_SELECTOR = YES;
				GCC_WARN_UNINITIALIZED_AUTOS = YES_AGGRESSIVE;
				GCC_WARN_UNUSED_FUNCTION = YES;
				GCC_WARN_UNUSED_VARIABLE = YES;
				LOCALIZATION_PREFERS_STRING_CATALOGS = YES;
				MTL_ENABLE_DEBUG_INFO = INCLUDE_SOURCE;
				MTL_FAST_MATH = YES;
				ONLY_ACTIVE_ARCH = YES;
				SWIFT_ACTIVE_COMPILATION_CONDITIONS = "DEBUG $(inherited)";
				SWIFT_OPTIMIZATION_LEVEL = "-Onone";
			};
			name = Debug;
		};
		1A1DFB6730282EA20087AD86 /* Release */ = {
			isa = XCBuildConfiguration;
			buildSettings = {
				ALWAYS_SEARCH_USER_PATHS = NO;
				ASSETCATALOG_COMPILER_GENERATE_SWIFT_ASSET_SYMBOL_EXTENSIONS = YES;
				CLANG_ANALYZER_NONNULL = YES;
				CLANG_ANALYZER_NUMBER_OBJECT_CONVERSION = YES_AGGRESSIVE;
				CLANG_CXX_LANGUAGE_STANDARD = "gnu++20";
				CLANG_ENABLE_MODULES = YES;
				CLANG_ENABLE_OBJC_ARC = YES;
				CLANG_ENABLE_OBJC_WEAK = YES;
				CLANG_WARN_BLOCK_CAPTURE_AUTORELEASING = YES;
				CLANG_WARN_BOOL_CONVERSION = YES;
				CLANG_WARN_COMMA = YES;
				CLANG_WARN_CONSTANT_CONVERSION = YES;
				CLANG_WARN_DEPRECATED_OBJC_IMPLEMENTATIONS = YES;
				CLANG_WARN_DIRECT_OBJC_ISA_USAGE = YES_ERROR;
				CLANG_WARN_DOCUMENTATION_COMMENTS = YES;
				CLANG_WARN_EMPTY_BODY = YES;
				CLANG_WARN_ENUM_CONVERSION = YES;
				CLANG_WARN_INFINITE_RECURSION = YES;
				CLANG_WARN_INT_CONVERSION = YES;
				CLANG_WARN_NON_LITERAL_NULL_CONVERSION = YES;
				CLANG_WARN_OBJC_IMPLICIT_RETAIN_SELF = YES;
				CLANG_WARN_OBJC_LITERAL_CONVERSION = YES;
				CLANG_WARN_OBJC_ROOT_CLASS = YES_ERROR;
				CLANG_WARN_QUOTED_INCLUDE_IN_FRAMEWORK_HEADER = YES;
				CLANG_WARN_RANGE_LOOP_ANALYSIS = YES;
				CLANG_WARN_STRICT_PROTOTYPES = YES;
				CLANG_WARN_SUSPICIOUS_MOVE = YES;
				CLANG_WARN_UNGUARDED_AVAILABILITY = YES_AGGRESSIVE;
				CLANG_WARN_UNREACHABLE_CODE = YES;
				CLANG_WARN__DUPLICATE_METHOD_MATCH = YES;
				COPY_PHASE_STRIP = NO;
				DEBUG_INFORMATION_FORMAT = "dwarf-with-dsym";
				ENABLE_NS_ASSERTIONS = NO;
				ENABLE_STRICT_OBJC_MSGSEND = YES;
				ENABLE_USER_SCRIPT_SANDBOXING = YES;
				GCC_C_LANGUAGE_STANDARD = gnu17;
				GCC_NO_COMMON_BLOCKS = YES;
				GCC_WARN_64_TO_32_BIT_CONVERSION = YES;
				GCC_WARN_ABOUT_RETURN_TYPE = YES_ERROR;
				GCC_WARN_UNDECLARED_SELECTOR = YES;
				GCC_WARN_UNINITIALIZED_AUTOS = YES_AGGRESSIVE;
				GCC_WARN_UNUSED_FUNCTION = YES;
				GCC_WARN_UNUSED_VARIABLE = YES;
				LOCALIZATION_PREFERS_STRING_CATALOGS = YES;
				MTL_ENABLE_DEBUG_INFO = NO;
				MTL_FAST_MATH = YES;
				SWIFT_COMPILATION_MODE = wholemodule;
			};
			name = Release;
		};
		1A1DFB6930282EA20087AD86 /* Debug */ = {
			isa = XCBuildConfiguration;
			buildSettings = {
				CODE_SIGN_STYLE = Automatic;
				CURRENT_PROJECT_VERSION = 1;
				GENERATE_INFOPLIST_FILE = YES;
				INFOPLIST_FILE = "iOS (Extension)/Info.plist";
				INFOPLIST_KEY_CFBundleDisplayName = "sound Extension";
				INFOPLIST_KEY_NSHumanReadableCopyright = "";
				IPHONEOS_DEPLOYMENT_TARGET = 15.0;
				LD_RUNPATH_SEARCH_PATHS = (
					"$(inherited)",
					"@executable_path/Frameworks",
					"@executable_path/../../Frameworks",
				);
				MARKETING_VERSION = 1.0;
				OTHER_LDFLAGS = (
					"-framework",
					SafariServices,
				);
				PRODUCT_BUNDLE_IDENTIFIER = com.donghan.sound.dev.Extension;
				PRODUCT_NAME = "sound Extension";
				SDKROOT = iphoneos;
				SKIP_INSTALL = YES;
				STRING_CATALOG_GENERATE_SYMBOLS = YES;
				SWIFT_APPROACHABLE_CONCURRENCY = YES;
				SWIFT_EMIT_LOC_STRINGS = YES;
				SWIFT_UPCOMING_FEATURE_MEMBER_IMPORT_VISIBILITY = YES;
				SWIFT_VERSION = 5.0;
				TARGETED_DEVICE_FAMILY = "1,2";
			};
			name = Debug;
		};
		1A1DFB6A30282EA20087AD86 /* Release */ = {
			isa = XCBuildConfiguration;
			buildSettings = {
				CODE_SIGN_STYLE = Automatic;
				CURRENT_PROJECT_VERSION = 1;
				GENERATE_INFOPLIST_FILE = YES;
				INFOPLIST_FILE = "iOS (Extension)/Info.plist";
				INFOPLIST_KEY_CFBundleDisplayName = "sound Extension";
				INFOPLIST_KEY_NSHumanReadableCopyright = "";
				IPHONEOS_DEPLOYMENT_TARGET = 15.0;
				LD_RUNPATH_SEARCH_PATHS = (
					"$(inherited)",
					"@executable_path/Frameworks",
					"@executable_path/../../Frameworks",
				);
				MARKETING_VERSION = 1.0;
				OTHER_LDFLAGS = (
					"-framework",
					SafariServices,
				);
				PRODUCT_BUNDLE_IDENTIFIER = com.donghan.sound.dev.Extension;
				PRODUCT_NAME = "sound Extension";
				SDKROOT = iphoneos;
				SKIP_INSTALL = YES;
				STRING_CATALOG_GENERATE_SYMBOLS = YES;
				SWIFT_APPROACHABLE_CONCURRENCY = YES;
				SWIFT_EMIT_LOC_STRINGS = YES;
				SWIFT_UPCOMING_FEATURE_MEMBER_IMPORT_VISIBILITY = YES;
				SWIFT_VERSION = 5.0;
				TARGETED_DEVICE_FAMILY = "1,2";
				VALIDATE_PRODUCT = YES;
			};
			name = Release;
		};
		1A1DFB6D30282EA20087AD86 /* Debug */ = {
			isa = XCBuildConfiguration;
			buildSettings = {
				ASSETCATALOG_COMPILER_APPICON_NAME = AppIcon;
				ASSETCATALOG_COMPILER_GLOBAL_ACCENT_COLOR_NAME = AccentColor;
				CODE_SIGN_STYLE = Automatic;
				CURRENT_PROJECT_VERSION = 1;
				GENERATE_INFOPLIST_FILE = YES;
				INFOPLIST_FILE = "iOS (App)/Info.plist";
				INFOPLIST_KEY_CFBundleDisplayName = sound;
				INFOPLIST_KEY_UIApplicationSupportsIndirectInputEvents = YES;
				INFOPLIST_KEY_UILaunchStoryboardName = LaunchScreen;
				INFOPLIST_KEY_UIMainStoryboardFile = Main;
				INFOPLIST_KEY_UISupportedInterfaceOrientations = "UIInterfaceOrientationPortrait UIInterfaceOrientationLandscapeLeft UIInterfaceOrientationLandscapeRight";
				INFOPLIST_KEY_UISupportedInterfaceOrientations_iPad = "UIInterfaceOrientationPortrait UIInterfaceOrientationPortraitUpsideDown UIInterfaceOrientationLandscapeLeft UIInterfaceOrientationLandscapeRight";
				IPHONEOS_DEPLOYMENT_TARGET = 15.0;
				LD_RUNPATH_SEARCH_PATHS = (
					"$(inherited)",
					"@executable_path/Frameworks",
				);
				MARKETING_VERSION = 1.0;
				OTHER_LDFLAGS = (
					"-framework",
					SafariServices,
					"-framework",
					WebKit,
				);
				PRODUCT_BUNDLE_IDENTIFIER = com.donghan.sound.dev;
				PRODUCT_NAME = sound;
				SDKROOT = iphoneos;
				STRING_CATALOG_GENERATE_SYMBOLS = YES;
				SWIFT_APPROACHABLE_CONCURRENCY = YES;
				SWIFT_DEFAULT_ACTOR_ISOLATION = MainActor;
				SWIFT_EMIT_LOC_STRINGS = YES;
				SWIFT_UPCOMING_FEATURE_MEMBER_IMPORT_VISIBILITY = YES;
				SWIFT_VERSION = 5.0;
				TARGETED_DEVICE_FAMILY = "1,2";
			};
			name = Debug;
		};
		1A1DFB6E30282EA20087AD86 /* Release */ = {
			isa = XCBuildConfiguration;
			buildSettings = {
				ASSETCATALOG_COMPILER_APPICON_NAME = AppIcon;
				ASSETCATALOG_COMPILER_GLOBAL_ACCENT_COLOR_NAME = AccentColor;
				CODE_SIGN_STYLE = Automatic;
				CURRENT_PROJECT_VERSION = 1;
				GENERATE_INFOPLIST_FILE = YES;
				INFOPLIST_FILE = "iOS (App)/Info.plist";
				INFOPLIST_KEY_CFBundleDisplayName = sound;
				INFOPLIST_KEY_UIApplicationSupportsIndirectInputEvents = YES;
				INFOPLIST_KEY_UILaunchStoryboardName = LaunchScreen;
				INFOPLIST_KEY_UIMainStoryboardFile = Main;
				INFOPLIST_KEY_UISupportedInterfaceOrientations = "UIInterfaceOrientationPortrait UIInterfaceOrientationLandscapeLeft UIInterfaceOrientationLandscapeRight";
				INFOPLIST_KEY_UISupportedInterfaceOrientations_iPad = "UIInterfaceOrientationPortrait UIInterfaceOrientationPortraitUpsideDown UIInterfaceOrientationLandscapeLeft UIInterfaceOrientationLandscapeRight";
				IPHONEOS_DEPLOYMENT_TARGET = 15.0;
				LD_RUNPATH_SEARCH_PATHS = (
					"$(inherited)",
					"@executable_path/Frameworks",
				);
				MARKETING_VERSION = 1.0;
				OTHER_LDFLAGS = (
					"-framework",
					SafariServices,
					"-framework",
					WebKit,
				);
				PRODUCT_BUNDLE_IDENTIFIER = com.donghan.sound.dev;
				PRODUCT_NAME = sound;
				SDKROOT = iphoneos;
				STRING_CATALOG_GENERATE_SYMBOLS = YES;
				SWIFT_APPROACHABLE_CONCURRENCY = YES;
				SWIFT_DEFAULT_ACTOR_ISOLATION = MainActor;
				SWIFT_EMIT_LOC_STRINGS = YES;
				SWIFT_UPCOMING_FEATURE_MEMBER_IMPORT_VISIBILITY = YES;
				SWIFT_VERSION = 5.0;
				TARGETED_DEVICE_FAMILY = "1,2";
				VALIDATE_PRODUCT = YES;
			};
			name = Release;
		};
		1A1DFB7030282EA20087AD86 /* Debug */ = {
			isa = XCBuildConfiguration;
			buildSettings = {
				CODE_SIGN_STYLE = Automatic;
				CURRENT_PROJECT_VERSION = 1;
				ENABLE_APP_SANDBOX = YES;
				ENABLE_HARDENED_RUNTIME = YES;
				ENABLE_USER_SELECTED_FILES = readonly;
				GENERATE_INFOPLIST_FILE = YES;
				INFOPLIST_FILE = "macOS (Extension)/Info.plist";
				INFOPLIST_KEY_CFBundleDisplayName = "sound Extension";
				INFOPLIST_KEY_NSHumanReadableCopyright = "";
				LD_RUNPATH_SEARCH_PATHS = (
					"$(inherited)",
					"@executable_path/../Frameworks",
					"@executable_path/../../../../Frameworks",
				);
				MACOSX_DEPLOYMENT_TARGET = 10.14;
				MARKETING_VERSION = 1.0;
				OTHER_LDFLAGS = (
					"-framework",
					SafariServices,
				);
				PRODUCT_BUNDLE_IDENTIFIER = com.donghan.sound.dev.Extension;
				PRODUCT_NAME = "sound Extension";
				SDKROOT = macosx;
				SKIP_INSTALL = YES;
				STRING_CATALOG_GENERATE_SYMBOLS = YES;
				SWIFT_APPROACHABLE_CONCURRENCY = YES;
				SWIFT_EMIT_LOC_STRINGS = YES;
				SWIFT_UPCOMING_FEATURE_MEMBER_IMPORT_VISIBILITY = YES;
				SWIFT_VERSION = 5.0;
			};
			name = Debug;
		};
		1A1DFB7130282EA20087AD86 /* Release */ = {
			isa = XCBuildConfiguration;
			buildSettings = {
				CODE_SIGN_STYLE = Automatic;
				CURRENT_PROJECT_VERSION = 1;
				ENABLE_APP_SANDBOX = YES;
				ENABLE_HARDENED_RUNTIME = YES;
				ENABLE_USER_SELECTED_FILES = readonly;
				GENERATE_INFOPLIST_FILE = YES;
				INFOPLIST_FILE = "macOS (Extension)/Info.plist";
				INFOPLIST_KEY_CFBundleDisplayName = "sound Extension";
				INFOPLIST_KEY_NSHumanReadableCopyright = "";
				LD_RUNPATH_SEARCH_PATHS = (
					"$(inherited)",
					"@executable_path/../Frameworks",
					"@executable_path/../../../../Frameworks",
				);
				MACOSX_DEPLOYMENT_TARGET = 10.14;
				MARKETING_VERSION = 1.0;
				OTHER_LDFLAGS = (
					"-framework",
					SafariServices,
				);
				PRODUCT_BUNDLE_IDENTIFIER = com.donghan.sound.dev.Extension;
				PRODUCT_NAME = "sound Extension";
				SDKROOT = macosx;
				SKIP_INSTALL = YES;
				STRING_CATALOG_GENERATE_SYMBOLS = YES;
				SWIFT_APPROACHABLE_CONCURRENCY = YES;
				SWIFT_EMIT_LOC_STRINGS = YES;
				SWIFT_UPCOMING_FEATURE_MEMBER_IMPORT_VISIBILITY = YES;
				SWIFT_VERSION = 5.0;
			};
			name = Release;
		};
		1A1DFB7430282EA20087AD86 /* Debug */ = {
			isa = XCBuildConfiguration;
			buildSettings = {
				ASSETCATALOG_COMPILER_APPICON_NAME = AppIcon;
				ASSETCATALOG_COMPILER_GLOBAL_ACCENT_COLOR_NAME = AccentColor;
				CODE_SIGN_STYLE = Automatic;
				CURRENT_PROJECT_VERSION = 1;
				ENABLE_APP_SANDBOX = YES;
				ENABLE_HARDENED_RUNTIME = YES;
				ENABLE_OUTGOING_NETWORK_CONNECTIONS = YES;
				ENABLE_USER_SELECTED_FILES = readonly;
				GENERATE_INFOPLIST_FILE = YES;
				INFOPLIST_FILE = "macOS (App)/Info.plist";
				INFOPLIST_KEY_CFBundleDisplayName = sound;
				INFOPLIST_KEY_NSMainStoryboardFile = Main;
				INFOPLIST_KEY_NSPrincipalClass = NSApplication;
				LD_RUNPATH_SEARCH_PATHS = (
					"$(inherited)",
					"@executable_path/../Frameworks",
				);
				MACOSX_DEPLOYMENT_TARGET = 10.14;
				MARKETING_VERSION = 1.0;
				OTHER_LDFLAGS = (
					"-framework",
					SafariServices,
					"-framework",
					WebKit,
				);
				PRODUCT_BUNDLE_IDENTIFIER = com.donghan.sound.dev;
				PRODUCT_NAME = sound;
				REGISTER_APP_GROUPS = YES;
				SDKROOT = macosx;
				STRING_CATALOG_GENERATE_SYMBOLS = YES;
				SWIFT_APPROACHABLE_CONCURRENCY = YES;
				SWIFT_DEFAULT_ACTOR_ISOLATION = MainActor;
				SWIFT_EMIT_LOC_STRINGS = YES;
				SWIFT_UPCOMING_FEATURE_MEMBER_IMPORT_VISIBILITY = YES;
				SWIFT_VERSION = 5.0;
			};
			name = Debug;
		};
		1A1DFB7530282EA20087AD86 /* Release */ = {
			isa = XCBuildConfiguration;
			buildSettings = {
				ASSETCATALOG_COMPILER_APPICON_NAME = AppIcon;
				ASSETCATALOG_COMPILER_GLOBAL_ACCENT_COLOR_NAME = AccentColor;
				CODE_SIGN_STYLE = Automatic;
				CURRENT_PROJECT_VERSION = 1;
				ENABLE_APP_SANDBOX = YES;
				ENABLE_HARDENED_RUNTIME = YES;
				ENABLE_OUTGOING_NETWORK_CONNECTIONS = YES;
				ENABLE_USER_SELECTED_FILES = readonly;
				GENERATE_INFOPLIST_FILE = YES;
				INFOPLIST_FILE = "macOS (App)/Info.plist";
				INFOPLIST_KEY_CFBundleDisplayName = sound;
				INFOPLIST_KEY_NSMainStoryboardFile = Main;
				INFOPLIST_KEY_NSPrincipalClass = NSApplication;
				LD_RUNPATH_SEARCH_PATHS = (
					"$(inherited)",
					"@executable_path/../Frameworks",
				);
				MACOSX_DEPLOYMENT_TARGET = 10.14;
				MARKETING_VERSION = 1.0;
				OTHER_LDFLAGS = (
					"-framework",
					SafariServices,
					"-framework",
					WebKit,
				);
				PRODUCT_BUNDLE_IDENTIFIER = com.donghan.sound.dev;
				PRODUCT_NAME = sound;
				REGISTER_APP_GROUPS = YES;
				SDKROOT = macosx;
				STRING_CATALOG_GENERATE_SYMBOLS = YES;
				SWIFT_APPROACHABLE_CONCURRENCY = YES;
				SWIFT_DEFAULT_ACTOR_ISOLATION = MainActor;
				SWIFT_EMIT_LOC_STRINGS = YES;
				SWIFT_UPCOMING_FEATURE_MEMBER_IMPORT_VISIBILITY = YES;
				SWIFT_VERSION = 5.0;
			};
			name = Release;
		};
/* End XCBuildConfiguration section */

/* Begin XCConfigurationList section */
		1A1DFB1A30282EA10087AD86 /* Build configuration list for PBXProject "sound" */ = {
			isa = XCConfigurationList;
			buildConfigurations = (
				1A1DFB6630282EA20087AD86 /* Debug */,
				1A1DFB6730282EA20087AD86 /* Release */,
			);
			defaultConfigurationIsVisible = 0;
			defaultConfigurationName = Release;
		};
		1A1DFB6830282EA20087AD86 /* Build configuration list for PBXNativeTarget "sound Extension (iOS)" */ = {
			isa = XCConfigurationList;
			buildConfigurations = (
				1A1DFB6930282EA20087AD86 /* Debug */,
				1A1DFB6A30282EA20087AD86 /* Release */,
			);
			defaultConfigurationIsVisible = 0;
			defaultConfigurationName = Release;
		};
		1A1DFB6C30282EA20087AD86 /* Build configuration list for PBXNativeTarget "sound (iOS)" */ = {
			isa = XCConfigurationList;
			buildConfigurations = (
				1A1DFB6D30282EA20087AD86 /* Debug */,
				1A1DFB6E30282EA20087AD86 /* Release */,
			);
			defaultConfigurationIsVisible = 0;
			defaultConfigurationName = Release;
		};
		1A1DFB6F30282EA20087AD86 /* Build configuration list for PBXNativeTarget "sound Extension (macOS)" */ = {
			isa = XCConfigurationList;
			buildConfigurations = (
				1A1DFB7030282EA20087AD86 /* Debug */,
				1A1DFB7130282EA20087AD86 /* Release */,
			);
			defaultConfigurationIsVisible = 0;
			defaultConfigurationName = Release;
		};
		1A1DFB7330282EA20087AD86 /* Build configuration list for PBXNativeTarget "sound (macOS)" */ = {
			isa = XCConfigurationList;
			buildConfigurations = (
				1A1DFB7430282EA20087AD86 /* Debug */,
				1A1DFB7530282EA20087AD86 /* Release */,
			);
			defaultConfigurationIsVisible = 0;
			defaultConfigurationName = Release;
		};
/* End XCConfigurationList section */
	};
	rootObject = 1A1DFB1730282EA10087AD86 /* Project object */;
}
